#MicroXplorer Configuration settings - do not modify
CAD.formats=
CAD.pinconfig=
CAD.provider=
File.Version=6
GPIO.groupedBy=Group By Peripherals
KeepUserPlacement=false
Mcu.CPN=STM32F407VGT6
Mcu.Family=STM32F4
Mcu.IP0=NVIC
Mcu.IP1=RCC
Mcu.IP2=SYS
Mcu.IP3=TIM5
Mcu.IP4=TIM6
Mcu.IPNb=5
Mcu.Name=STM32F407V(E-G)Tx
Mcu.Package=LQFP100
Mcu.Pin0=PC13-ANTI_TAMP
Mcu.Pin1=PA0-WKUP
Mcu.Pin10=PD13
Mcu.Pin11=PD14
Mcu.Pin12=PD15
Mcu.Pin13=PA13
Mcu.Pin14=PA14
Mcu.Pin15=VP_SYS_VS_Systick
Mcu.Pin16=VP_TIM5_VS_ClockSourceINT
Mcu.Pin17=VP_TIM5_VS_no_output1
Mcu.Pin18=VP_TIM5_VS_no_output2
Mcu.Pin19=VP_TIM5_VS_no_output3
Mcu.Pin2=PA1
Mcu.Pin20=VP_TIM6_VS_ClockSourceINT
Mcu.Pin3=PE9
Mcu.Pin4=PE12
Mcu.Pin5=PE13
Mcu.Pin6=PE14
Mcu.Pin7=PE15
Mcu.Pin8=PD10
Mcu.Pin9=PD12
Mcu.PinsNb=21
Mcu.ThirdPartyNb=0
Mcu.UserConstants=
Mcu.UserName=STM32F407VGTx
MxCube.Version=6.9.1
MxDb.Version=DB.6.0.91
NVIC.BusFault_IRQn=true\:0\:0\:false\:false\:true\:false\:false\:false
NVIC.DebugMonitor_IRQn=true\:0\:0\:false\:false\:true\:false\:false\:false
NVIC.EXTI0_IRQn=true\:0\:0\:false\:false\:true\:true\:true\:true
NVIC.ForceEnableDMAVector=true
NVIC.HardFault_IRQn=true\:0\:0\:false\:false\:true\:false\:false\:false
NVIC.MemoryManagement_IRQn=true\:0\:0\:false\:false\:true\:false\:false\:false
NVIC.NonMaskableInt_IRQn=true\:0\:0\:false\:false\:true\:false\:false\:false
NVIC.PendSV_IRQn=true\:0\:0\:false\:false\:true\:false\:false\:false
NVIC.PriorityGroup=NVIC_PRIORITYGROUP_4
NVIC.SVCall_IRQn=true\:0\:0\:false\:false\:true\:false\:false\:false
NVIC.SysTick_IRQn=true\:15\:0\:false\:false\:true\:false\:true\:false
NVIC.TIM5_IRQn=true\:0\:0\:false\:false\:true\:true\:true\:true
NVIC.TIM6_DAC_IRQn=true\:0\:0\:false\:false\:true\:true\:true\:true
NVIC.UsageFault_IRQn=true\:0\:0\:false\:false\:true\:false\:false\:false
PA0-WKUP.GPIOParameters=GPIO_Label
PA0-WKUP.GPIO_Label=BUTTON
PA0-WKUP.Locked=true
PA0-WKUP.Signal=GPXTI0
PA1.GPIOParameters=GPIO_Label
PA1.GPIO_Label=MY_HEAD
PA1.Locked=true
PA1.Signal=GPIO_Output
PA13.Mode=Serial_Wire
PA13.Signal=SYS_JTMS-SWDIO
PA14.Mode=Serial_Wire
PA14.Signal=SYS_JTCK-SWCLK
PC13-ANTI_TAMP.GPIOParameters=GPIO_Label
PC13-ANTI_TAMP.GPIO_Label=BUZZER
PC13-ANTI_TAMP.Locked=true
PC13-ANTI_TAMP.Signal=GPIO_Output
PD10.GPIOParameters=PinState,GPIO_PuPd,GPIO_Label,GPIO_ModeDefaultOutputPP
PD10.GPIO_Label=PEDESTRIAN_GREEN
PD10.GPIO_ModeDefaultOutputPP=GPIO_MODE_OUTPUT_OD
PD10.GPIO_PuPd=GPIO_NOPULL
PD10.Locked=true
PD10.PinState=GPIO_PIN_SET
PD10.Signal=GPIO_Output
PD12.GPIOParameters=PinState,GPIO_PuPd,GPIO_Label,GPIO_ModeDefaultOutputPP
PD12.GPIO_Label=PEDESTRIAN_RED
PD12.GPIO_ModeDefaultOutputPP=GPIO_MODE_OUTPUT_OD
PD12.GPIO_PuPd=GPIO_NOPULL
PD12.Locked=true
PD12.PinState=GPIO_PIN_SET
PD12.Signal=GPIO_Output
PD13.GPIOParameters=PinState,GPIO_PuPd,GPIO_Label,GPIO_ModeDefaultOutputPP
PD13.GPIO_Label=AUTO_GREEN
PD13.GPIO_ModeDefaultOutputPP=GPIO_MODE_OUTPUT_OD
PD13.GPIO_PuPd=GPIO_NOPULL
PD13.Locked=true
PD13.PinState=GPIO_PIN_SET
PD13.Signal=GPIO_Output
PD14.GPIOParameters=PinState,GPIO_PuPd,GPIO_Label,GPIO_ModeDefaultOutputPP
PD14.GPIO_Label=AUTO_YELOW
PD14.GPIO_ModeDefaultOutputPP=GPIO_MODE_OUTPUT_OD
PD14.GPIO_PuPd=GPIO_NOPULL
PD14.Locked=true
PD14.PinState=GPIO_PIN_SET
PD14.Signal=GPIO_Output
PD15.GPIOParameters=PinState,GPIO_PuPd,GPIO_Label,GPIO_ModeDefaultOutputPP
PD15.GPIO_Label=AUTO_RED
PD15.GPIO_ModeDefaultOutputPP=GPIO_MODE_OUTPUT_OD
PD15.GPIO_PuPd=GPIO_NOPULL
PD15.Locked=true
PD15.PinState=GPIO_PIN_SET
PD15.Signal=GPIO_Output
PE12.GPIOParameters=GPIO_Label
PE12.GPIO_Label=AUTO_TIME_CLK
PE12.Locked=true
PE12.Signal=GPIO_Output
PE13.GPIOParameters=GPIO_Label
PE13.GPIO_Label=AUTO_TIME_DATA
PE13.Locked=true
PE13.Signal=GPIO_Output
PE14.GPIOParameters=GPIO_Label
PE14.GPIO_Label=PEDESTRIAN_TIME_CLK
PE14.Locked=true
PE14.Signal=GPIO_Output
PE15.GPIOParameters=GPIO_Label
PE15.GPIO_Label=PEDESTRIAN_TIME_DATA
PE15.Locked=true
PE15.Signal=GPIO_Output
PE9.GPIOParameters=PinState,GPIO_PuPd,GPIO_Label,GPIO_ModeDefaultOutputPP
PE9.GPIO_Label=PEDESTRIAN_SOUND
PE9.GPIO_ModeDefaultOutputPP=GPIO_MODE_OUTPUT_OD
PE9.GPIO_PuPd=GPIO_NOPULL
PE9.Locked=true
PE9.PinState=GPIO_PIN_SET
PE9.Signal=GPIO_Output
PinOutPanel.RotationAngle=0
ProjectManager.AskForMigrate=true
ProjectManager.BackupPrevious=false
ProjectManager.CompilerOptimize=6
ProjectManager.ComputerToolchain=false
ProjectManager.CoupleFile=true
ProjectManager.CustomerFirmwarePackage=
ProjectManager.DefaultFWLocation=true
ProjectManager.DeletePrevious=true
ProjectManager.DeviceId=STM32F407VGTx
ProjectManager.FirmwarePackage=STM32Cube FW_F4 V1.27.1
ProjectManager.FreePins=false
ProjectManager.HalAssertFull=false
ProjectManager.HeapSize=0x200
ProjectManager.KeepUserCode=true
ProjectManager.LastFirmware=true
ProjectManager.LibraryCopy=1
ProjectManager.MainLocation=Core/Src
ProjectManager.NoMain=false
ProjectManager.PreviousToolchain=
ProjectManager.ProjectBuild=false
ProjectManager.ProjectFileName=Traffic_Light.ioc
ProjectManager.ProjectName=Traffic_Light
ProjectManager.ProjectStructure=
ProjectManager.RegisterCallBack=
ProjectManager.StackSize=0x400
ProjectManager.TargetToolchain=MDK-ARM V5.32
ProjectManager.ToolChainLocation=
ProjectManager.UAScriptAfterPath=
ProjectManager.UAScriptBeforePath=
ProjectManager.UnderRoot=false
ProjectManager.functionlistsort=1-SystemClock_Config-RCC-false-HAL-false,2-MX_GPIO_Init-GPIO-false-HAL-true,3-MX_TIM6_Init-TIM6-false-HAL-true,4-MX_TIM5_Init-TIM5-false-HAL-true
RCC.AHBFreq_Value=16000000
RCC.APB1Freq_Value=16000000
RCC.APB2Freq_Value=16000000
RCC.CortexFreq_Value=16000000
RCC.FamilyName=M
RCC.HSE_VALUE=25000000
RCC.HSI_VALUE=16000000
RCC.I2SClocksFreq_Value=96000000
RCC.IPParameters=AHBFreq_Value,APB1Freq_Value,APB2Freq_Value,CortexFreq_Value,FamilyName,HSE_VALUE,HSI_VALUE,I2SClocksFreq_Value,LSE_VALUE,LSI_VALUE,PLLCLKFreq_Value,PLLQCLKFreq_Value,RTCFreq_Value,RTCHSEDivFreq_Value,SYSCLKFreq_VALUE,VCOI2SOutputFreq_Value,VCOInputFreq_Value,VCOOutputFreq_Value,VcooutputI2S
RCC.LSE_VALUE=32768
RCC.LSI_VALUE=32000
RCC.PLLCLKFreq_Value=96000000
RCC.PLLQCLKFreq_Value=48000000
RCC.RTCFreq_Value=32000
RCC.RTCHSEDivFreq_Value=12500000
RCC.SYSCLKFreq_VALUE=16000000
RCC.VCOI2SOutputFreq_Value=192000000
RCC.VCOInputFreq_Value=1000000
RCC.VCOOutputFreq_Value=192000000
RCC.VcooutputI2S=96000000
SH.GPXTI0.0=GPIO_EXTI0
SH.GPXTI0.ConfNb=1
TIM5.Channel-PWM\ Generation1\ No\ Output=TIM_CHANNEL_1
TIM5.Channel-PWM\ Generation2\ No\ Output=TIM_CHANNEL_2
TIM5.Channel-PWM\ Generation3\ No\ Output=TIM_CHANNEL_3
TIM5.IPParameters=Channel-PWM Generation1 No Output,Channel-PWM Generation2 No Output,Channel-PWM Generation3 No Output,Prescaler,Period,Pulse-PWM Generation1 No Output,Pulse-PWM Generation2 No Output,Pulse-PWM Generation3 No Output
TIM5.Period=100
TIM5.Prescaler=1600-1
TIM5.Pulse-PWM\ Generation1\ No\ Output=50
TIM5.Pulse-PWM\ Generation2\ No\ Output=50
TIM5.Pulse-PWM\ Generation3\ No\ Output=50
TIM6.IPParameters=Prescaler,Period
TIM6.Period=1000-1
TIM6.Prescaler=16000-1
VP_SYS_VS_Systick.Mode=SysTick
VP_SYS_VS_Systick.Signal=SYS_VS_Systick
VP_TIM5_VS_ClockSourceINT.Mode=Internal
VP_TIM5_VS_ClockSourceINT.Signal=TIM5_VS_ClockSourceINT
VP_TIM5_VS_no_output1.Mode=PWM Generation1 No Output
VP_TIM5_VS_no_output1.Signal=TIM5_VS_no_output1
VP_TIM5_VS_no_output2.Mode=PWM Generation2 No Output
VP_TIM5_VS_no_output2.Signal=TIM5_VS_no_output2
VP_TIM5_VS_no_output3.Mode=PWM Generation3 No Output
VP_TIM5_VS_no_output3.Signal=TIM5_VS_no_output3
VP_TIM6_VS_ClockSourceINT.Mode=Enable_Timer
VP_TIM6_VS_ClockSourceINT.Signal=TIM6_VS_ClockSourceINT
board=custom
